
Microsoft Visual Studio Solution File, Format Version 12.00
# Visual Studio 15
VisualStudioVersion = 15.0.28307.421
MinimumVisualStudioVersion = 10.0.40219.1
Project("{FAE04EC0-301F-11D3-BF4B-00C04F79EFBC}") = "ProductosCliente", "ProductosCliente\ProductosCliente.csproj", "{672641E7-84DB-4A96-82DD-BF2AAEA838CE}"
EndProject
Global
	GlobalSection(SolutionConfigurationPlatforms) = preSolution
		Debug|Any CPU = Debug|Any CPU
		Release|Any CPU = Release|Any CPU
	EndGlobalSection
	GlobalSection(ProjectConfigurationPlatforms) = postSolution
		{672641E7-84DB-4A96-82DD-BF2AAEA838CE}.Debug|Any CPU.ActiveCfg = Debug|Any CPU
		{672641E7-84DB-4A96-82DD-BF2AAEA838CE}.Debug|Any CPU.Build.0 = Debug|Any CPU
		{672641E7-84DB-4A96-82DD-BF2AAEA838CE}.Release|Any CPU.ActiveCfg = Release|Any CPU
		{672641E7-84DB-4A96-82DD-BF2AAEA838CE}.Release|Any CPU.Build.0 = Release|Any CPU
	EndGlobalSection
	GlobalSection(SolutionProperties) = preSolution
		HideSolutionNode = FALSE
	EndGlobalSection
	GlobalSection(ExtensibilityGlobals) = postSolution
		SolutionGuid = {61B0988F-B525-4640-8C33-8CEB8B808BC2}
	EndGlobalSection
EndGlobal
